
Microsoft Visual Studio Solution File, Format Version 12.00
# Visual Studio Version 17
VisualStudioVersion = 17.6.33801.468
MinimumVisualStudioVersion = 10.0.40219.1
Project("{8BC9CEB8-8B4A-11D0-8D11-00A0C91BC942}") = "Homework STL N2", "Homework STL N2\Homework STL N2.vcxproj", "{828E6457-60C6-4850-BB09-B2A57C6BA8E9}"
EndProject
Global
	GlobalSection(SolutionConfigurationPlatforms) = preSolution
		Debug|x64 = Debug|x64
		Debug|x86 = Debug|x86
		Release|x64 = Release|x64
		Release|x86 = Release|x86
	EndGlobalSection
	GlobalSection(ProjectConfigurationPlatforms) = postSolution
		{828E6457-60C6-4850-BB09-B2A57C6BA8E9}.Debug|x64.ActiveCfg = Debug|x64
		{828E6457-60C6-4850-BB09-B2A57C6BA8E9}.Debug|x64.Build.0 = Debug|x64
		{828E6457-60C6-4850-BB09-B2A57C6BA8E9}.Debug|x86.ActiveCfg = Debug|Win32
		{828E6457-60C6-4850-BB09-B2A57C6BA8E9}.Debug|x86.Build.0 = Debug|Win32
		{828E6457-60C6-4850-BB09-B2A57C6BA8E9}.Release|x64.ActiveCfg = Release|x64
		{828E6457-60C6-4850-BB09-B2A57C6BA8E9}.Release|x64.Build.0 = Release|x64
		{828E6457-60C6-4850-BB09-B2A57C6BA8E9}.Release|x86.ActiveCfg = Release|Win32
		{828E6457-60C6-4850-BB09-B2A57C6BA8E9}.Release|x86.Build.0 = Release|Win32
	EndGlobalSection
	GlobalSection(SolutionProperties) = preSolution
		HideSolutionNode = FALSE
	EndGlobalSection
	GlobalSection(ExtensibilityGlobals) = postSolution
		SolutionGuid = {6039781F-3FF2-466D-8D84-A1EB85602F65}
	EndGlobalSection
EndGlobal
